// !$*UTF8*$!
{
	archiveVersion = 1;
	classes = {
	};
	objectVersion = 56;
	objects = {

/* Begin PBXBuildFile section */
		2F9417E5257ABE9BCD7227F3 /* FolderAccessManager.swift in Sources */ = {isa = PBXBuildFile; fileRef = B598AFB0E09C13576B5B03DD /* FolderAccessManager.swift */; };
		35CF82AA20053F7CE0BE8A26 /* CacheCleaner.swift in Sources */ = {isa = PBXBuildFile; fileRef = 20EACBBE5E4323946CA480F0 /* CacheCleaner.swift */; };
		56C70DD7590CC3DEF7C8D4F2 /* SkeletonBlock.swift in Sources */ = {isa = PBXBuildFile; fileRef = 9B59B507C9BA23C300B81499 /* SkeletonBlock.swift */; };
		5B191C1DB75A62BEB0B43C52 /* ActionArcRing.swift in Sources */ = {isa = PBXBuildFile; fileRef = 6746D519F682E1DA9C5BA31F /* ActionArcRing.swift */; };
		6193956DDC852F0AC75E9000 /* CacheModels.swift in Sources */ = {isa = PBXBuildFile; fileRef = 33A2CF490F4FC4DFD5BB3139 /* CacheModels.swift */; };
		61C3A2C294AB679236D70277 /* Assets.xcassets in Resources */ = {isa = PBXBuildFile; fileRef = 516D751CB738B4BC3B377549 /* Assets.xcassets */; };
		8401BF02534F0C05783C3DF8 /* CleanerViewModel.swift in Sources */ = {isa = PBXBuildFile; fileRef = A93942193770B52AD2485EDB /* CleanerViewModel.swift */; };
		9CCF9FDE2CBB200E18E17E37 /* ContentView.swift in Sources */ = {isa = PBXBuildFile; fileRef = BE88D73C0B5F74206ECCB03C /* ContentView.swift */; };
		E747535D390F2D267EC6A89C /* CacheCatalog.swift in Sources */ = {isa = PBXBuildFile; fileRef = B668BB27E972C2F448A9C6D8 /* CacheCatalog.swift */; };
		FE5C7E3CFB65EF5B1AC9D541 /* CachifyApp.swift in Sources */ = {isa = PBXBuildFile; fileRef = 98636D6ED62065256222F899 /* CachifyApp.swift */; };
/* End PBXBuildFile section */

/* Begin PBXFileReference section */
		20EACBBE5E4323946CA480F0 /* CacheCleaner.swift */ = {isa = PBXFileReference; lastKnownFileType = sourcecode.swift; path = CacheCleaner.swift; sourceTree = "<group>"; };
		2F75A9216B3E8E90609785C6 /* Cachify.app */ = {isa = PBXFileReference; explicitFileType = wrapper.application; includeInIndex = 0; path = Cachify.app; sourceTree = BUILT_PRODUCTS_DIR; };
		33A2CF490F4FC4DFD5BB3139 /* CacheModels.swift */ = {isa = PBXFileReference; lastKnownFileType = sourcecode.swift; path = CacheModels.swift; sourceTree = "<group>"; };
		516D751CB738B4BC3B377549 /* Assets.xcassets */ = {isa = PBXFileReference; lastKnownFileType = folder.assetcatalog; path = Assets.xcassets; sourceTree = "<group>"; };
		6746D519F682E1DA9C5BA31F /* ActionArcRing.swift */ = {isa = PBXFileReference; lastKnownFileType = sourcecode.swift; path = ActionArcRing.swift; sourceTree = "<group>"; };
		98636D6ED62065256222F899 /* CachifyApp.swift */ = {isa = PBXFileReference; lastKnownFileType = sourcecode.swift; path = CachifyApp.swift; sourceTree = "<group>"; };
		9B59B507C9BA23C300B81499 /* SkeletonBlock.swift */ = {isa = PBXFileReference; lastKnownFileType = sourcecode.swift; path = SkeletonBlock.swift; sourceTree = "<group>"; };
		A93942193770B52AD2485EDB /* CleanerViewModel.swift */ = {isa = PBXFileReference; lastKnownFileType = sourcecode.swift; path = CleanerViewModel.swift; sourceTree = "<group>"; };
		B598AFB0E09C13576B5B03DD /* FolderAccessManager.swift */ = {isa = PBXFileReference; lastKnownFileType = sourcecode.swift; path = FolderAccessManager.swift; sourceTree = "<group>"; };
		B668BB27E972C2F448A9C6D8 /* CacheCatalog.swift */ = {isa = PBXFileReference; lastKnownFileType = sourcecode.swift; path = CacheCatalog.swift; sourceTree = "<group>"; };
		BE88D73C0B5F74206ECCB03C /* ContentView.swift */ = {isa = PBXFileReference; lastKnownFileType = sourcecode.swift; path = ContentView.swift; sourceTree = "<group>"; };
/* End PBXFileReference section */

/* Begin PBXGroup section */
		1ADE2ED984DF02C1933DE879 /* ViewModels */ = {
			isa = PBXGroup;
			children = (
				A93942193770B52AD2485EDB /* CleanerViewModel.swift */,
			);
			path = ViewModels;
			sourceTree = "<group>";
		};
		45C5A2C37F436A7D4F095DD1 /* Models */ = {
			isa = PBXGroup;
			children = (
				33A2CF490F4FC4DFD5BB3139 /* CacheModels.swift */,
			);
			path = Models;
			sourceTree = "<group>";
		};
		493226396E05C679664CFC94 = {
			isa = PBXGroup;
			children = (
				EFB925F73413AE9DF296873C /* App */,
				C6FA38451E4A2D3E847A8413 /* Products */,
			);
			sourceTree = "<group>";
		};
		4E542C8ABAEF2F97E7B311D1 /* Components */ = {
			isa = PBXGroup;
			children = (
				6746D519F682E1DA9C5BA31F /* ActionArcRing.swift */,
				9B59B507C9BA23C300B81499 /* SkeletonBlock.swift */,
			);
			path = Components;
			sourceTree = "<group>";
		};
		55A7525C0972BB0F7D0BAC29 /* App */ = {
			isa = PBXGroup;
			children = (
				98636D6ED62065256222F899 /* CachifyApp.swift */,
			);
			path = App;
			sourceTree = "<group>";
		};
		61DE38C5B2D73FE4246ECD16 /* Data */ = {
			isa = PBXGroup;
			children = (
				B668BB27E972C2F448A9C6D8 /* CacheCatalog.swift */,
			);
			path = Data;
			sourceTree = "<group>";
		};
		AE2FCB2F068A9FACF84196E3 /* Sources */ = {
			isa = PBXGroup;
			children = (
				55A7525C0972BB0F7D0BAC29 /* App */,
				61DE38C5B2D73FE4246ECD16 /* Data */,
				45C5A2C37F436A7D4F095DD1 /* Models */,
				D758B00F3AB1735683222017 /* Services */,
				1ADE2ED984DF02C1933DE879 /* ViewModels */,
				D9B27A3781A54C68BB119B0F /* Views */,
			);
			path = Sources;
			sourceTree = "<group>";
		};
		C6FA38451E4A2D3E847A8413 /* Products */ = {
			isa = PBXGroup;
			children = (
				2F75A9216B3E8E90609785C6 /* Cachify.app */,
			);
			name = Products;
			sourceTree = "<group>";
		};
		D758B00F3AB1735683222017 /* Services */ = {
			isa = PBXGroup;
			children = (
				20EACBBE5E4323946CA480F0 /* CacheCleaner.swift */,
				B598AFB0E09C13576B5B03DD /* FolderAccessManager.swift */,
			);
			path = Services;
			sourceTree = "<group>";
		};
		D9B27A3781A54C68BB119B0F /* Views */ = {
			isa = PBXGroup;
			children = (
				BE88D73C0B5F74206ECCB03C /* ContentView.swift */,
				4E542C8ABAEF2F97E7B311D1 /* Components */,
			);
			path = Views;
			sourceTree = "<group>";
		};
		EFB925F73413AE9DF296873C /* App */ = {
			isa = PBXGroup;
			children = (
				516D751CB738B4BC3B377549 /* Assets.xcassets */,
				AE2FCB2F068A9FACF84196E3 /* Sources */,
			);
			path = App;
			sourceTree = "<group>";
		};
/* End PBXGroup section */

/* Begin PBXNativeTarget section */
		874534686A59BC26C38555CC /* CachifyApp */ = {
			isa = PBXNativeTarget;
			buildConfigurationList = A933C06C34B72092A150BB92 /* Build configuration list for PBXNativeTarget "CachifyApp" */;
			buildPhases = (
				CFCF941B568FC9E272BAB639 /* Sources */,
				7D248ACE387F68A1C8CBD966 /* Resources */,
			);
			buildRules = (
			);
			dependencies = (
			);
			name = CachifyApp;
			productName = CachifyApp;
			productReference = 2F75A9216B3E8E90609785C6 /* Cachify.app */;
			productType = "com.apple.product-type.application";
		};
/* End PBXNativeTarget section */

/* Begin PBXProject section */
		4F585CD44BF19907844BD977 /* Project object */ = {
			isa = PBXProject;
			attributes = {
				BuildIndependentTargetsInParallel = YES;
				LastUpgradeCheck = 1430;
				TargetAttributes = {
					874534686A59BC26C38555CC = {
						ProvisioningStyle = Automatic;
					};
				};
			};
			buildConfigurationList = 5CE86B12DA1E1F580F97FC77 /* Build configuration list for PBXProject "CachifyApp" */;
			compatibilityVersion = "Xcode 14.0";
			developmentRegion = en;
			hasScannedForEncodings = 0;
			knownRegions = (
				Base,
				en,
			);
			mainGroup = 493226396E05C679664CFC94;
			projectDirPath = "";
			projectRoot = "";
			targets = (
				874534686A59BC26C38555CC /* CachifyApp */,
			);
		};
/* End PBXProject section */

/* Begin PBXResourcesBuildPhase section */
		7D248ACE387F68A1C8CBD966 /* Resources */ = {
			isa = PBXResourcesBuildPhase;
			buildActionMask = 2147483647;
			files = (
				61C3A2C294AB679236D70277 /* Assets.xcassets in Resources */,
			);
			runOnlyForDeploymentPostprocessing = 0;
		};
/* End PBXResourcesBuildPhase section */

/* Begin PBXSourcesBuildPhase section */
		CFCF941B568FC9E272BAB639 /* Sources */ = {
			isa = PBXSourcesBuildPhase;
			buildActionMask = 2147483647;
			files = (
				5B191C1DB75A62BEB0B43C52 /* ActionArcRing.swift in Sources */,
				E747535D390F2D267EC6A89C /* CacheCatalog.swift in Sources */,
				35CF82AA20053F7CE0BE8A26 /* CacheCleaner.swift in Sources */,
				6193956DDC852F0AC75E9000 /* CacheModels.swift in Sources */,
				FE5C7E3CFB65EF5B1AC9D541 /* CachifyApp.swift in Sources */,
				8401BF02534F0C05783C3DF8 /* CleanerViewModel.swift in Sources */,
				9CCF9FDE2CBB200E18E17E37 /* ContentView.swift in Sources */,
				2F9417E5257ABE9BCD7227F3 /* FolderAccessManager.swift in Sources */,
				56C70DD7590CC3DEF7C8D4F2 /* SkeletonBlock.swift in Sources */,
			);
			runOnlyForDeploymentPostprocessing = 0;
		};
/* End PBXSourcesBuildPhase section */

/* Begin XCBuildConfiguration section */
		320D351027EC4684C7D3EF77 /* Release */ = {
			isa = XCBuildConfiguration;
			buildSettings = {
				ALWAYS_SEARCH_USER_PATHS = NO;
				CLANG_ANALYZER_NONNULL = YES;
				CLANG_ANALYZER_NUMBER_OBJECT_CONVERSION = YES_AGGRESSIVE;
				CLANG_CXX_LANGUAGE_STANDARD = "gnu++14";
				CLANG_CXX_LIBRARY = "libc++";
				CLANG_ENABLE_MODULES = YES;
				CLANG_ENABLE_OBJC_ARC = YES;
				CLANG_ENABLE_OBJC_WEAK = YES;
				CLANG_WARN_BLOCK_CAPTURE_AUTORELEASING = YES;
				CLANG_WARN_BOOL_CONVERSION = YES;
				CLANG_WARN_COMMA = YES;
				CLANG_WARN_CONSTANT_CONVERSION = YES;
				CLANG_WARN_DEPRECATED_OBJC_IMPLEMENTATIONS = YES;
				CLANG_WARN_DIRECT_OBJC_ISA_USAGE = YES_ERROR;
				CLANG_WARN_DOCUMENTATION_COMMENTS = YES;
				CLANG_WARN_EMPTY_BODY = YES;
				CLANG_WARN_ENUM_CONVERSION = YES;
				CLANG_WARN_INFINITE_RECURSION = YES;
				CLANG_WARN_INT_CONVERSION = YES;
				CLANG_WARN_NON_LITERAL_NULL_CONVERSION = YES;
				CLANG_WARN_OBJC_IMPLICIT_RETAIN_SELF = YES;
				CLANG_WARN_OBJC_LITERAL_CONVERSION = YES;
				CLANG_WARN_OBJC_ROOT_CLASS = YES_ERROR;
				CLANG_WARN_QUOTED_INCLUDE_IN_FRAMEWORK_HEADER = YES;
				CLANG_WARN_RANGE_LOOP_ANALYSIS = YES;
				CLANG_WARN_STRICT_PROTOTYPES = YES;
				CLANG_WARN_SUSPICIOUS_MOVE = YES;
				CLANG_WARN_UNGUARDED_AVAILABILITY = YES_AGGRESSIVE;
				CLANG_WARN_UNREACHABLE_CODE = YES;
				CLANG_WARN__DUPLICATE_METHOD_MATCH = YES;
				CODE_SIGN_STYLE = Automatic;
				COPY_PHASE_STRIP = NO;
				CURRENT_PROJECT_VERSION = 1;
				DEBUG_INFORMATION_FORMAT = "dwarf-with-dsym";
				ENABLE_NS_ASSERTIONS = NO;
				ENABLE_STRICT_OBJC_MSGSEND = YES;
				GCC_C_LANGUAGE_STANDARD = gnu11;
				GCC_NO_COMMON_BLOCKS = YES;
				GCC_WARN_64_TO_32_BIT_CONVERSION = YES;
				GCC_WARN_ABOUT_RETURN_TYPE = YES_ERROR;
				GCC_WARN_UNDECLARED_SELECTOR = YES;
				GCC_WARN_UNINITIALIZED_AUTOS = YES_AGGRESSIVE;
				GCC_WARN_UNUSED_FUNCTION = YES;
				GCC_WARN_UNUSED_VARIABLE = YES;
				GENERATE_INFOPLIST_FILE = YES;
				MACOSX_DEPLOYMENT_TARGET = 13.0;
				MARKETING_VERSION = 1.0.0;
				MTL_ENABLE_DEBUG_INFO = NO;
				MTL_FAST_MATH = YES;
				PRODUCT_BUNDLE_IDENTIFIER = technology.fil.cachify;
				PRODUCT_NAME = Cachify;
				SDKROOT = macosx;
				SWIFT_COMPILATION_MODE = wholemodule;
				SWIFT_OPTIMIZATION_LEVEL = "-O";
				SWIFT_VERSION = 6.0;
			};
			name = Release;
		};
		40468BE825185001C0D24B20 /* Release */ = {
			isa = XCBuildConfiguration;
			buildSettings = {
				ASSETCATALOG_COMPILER_APPICON_NAME = AppIcon;
				CODE_SIGN_ENTITLEMENTS = App/CachifyApp.entitlements;
				"CODE_SIGN_IDENTITY[sdk=macosx*]" = "Apple Development";
				COMBINE_HIDPI_IMAGES = YES;
				CURRENT_PROJECT_VERSION = 12;
				DEVELOPMENT_TEAM = L7T5538V86;
				ENABLE_APP_SANDBOX = YES;
				ENABLE_HARDENED_RUNTIME = YES;
				INFOPLIST_KEY_CFBundleDisplayName = Cachify;
				INFOPLIST_KEY_LSApplicationCategoryType = "public.app-category.developer-tools";
				INFOPLIST_KEY_NSHumanReadableCopyright = "Copyright © Fil Technology";
				LD_RUNPATH_SEARCH_PATHS = (
					"$(inherited)",
					"@executable_path/../Frameworks",
				);
				SDKROOT = macosx;
			};
			name = Release;
		};
		C4F0227026F125B14E8830F7 /* Debug */ = {
			isa = XCBuildConfiguration;
			buildSettings = {
				ASSETCATALOG_COMPILER_APPICON_NAME = AppIcon;
				CODE_SIGN_ENTITLEMENTS = App/CachifyApp.entitlements;
				"CODE_SIGN_IDENTITY[sdk=macosx*]" = "Apple Development";
				COMBINE_HIDPI_IMAGES = YES;
				CURRENT_PROJECT_VERSION = 12;
				DEVELOPMENT_TEAM = L7T5538V86;
				ENABLE_APP_SANDBOX = YES;
				INFOPLIST_KEY_CFBundleDisplayName = Cachify;
				INFOPLIST_KEY_LSApplicationCategoryType = "public.app-category.developer-tools";
				INFOPLIST_KEY_NSHumanReadableCopyright = "Copyright © Fil Technology";
				LD_RUNPATH_SEARCH_PATHS = (
					"$(inherited)",
					"@executable_path/../Frameworks",
				);
				SDKROOT = macosx;
			};
			name = Debug;
		};
		E3A89101AEA27665207FC2DF /* Debug */ = {
			isa = XCBuildConfiguration;
			buildSettings = {
				ALWAYS_SEARCH_USER_PATHS = NO;
				CLANG_ANALYZER_NONNULL = YES;
				CLANG_ANALYZER_NUMBER_OBJECT_CONVERSION = YES_AGGRESSIVE;
				CLANG_CXX_LANGUAGE_STANDARD = "gnu++14";
				CLANG_CXX_LIBRARY = "libc++";
				CLANG_ENABLE_MODULES = YES;
				CLANG_ENABLE_OBJC_ARC = YES;
				CLANG_ENABLE_OBJC_WEAK = YES;
				CLANG_WARN_BLOCK_CAPTURE_AUTORELEASING = YES;
				CLANG_WARN_BOOL_CONVERSION = YES;
				CLANG_WARN_COMMA = YES;
				CLANG_WARN_CONSTANT_CONVERSION = YES;
				CLANG_WARN_DEPRECATED_OBJC_IMPLEMENTATIONS = YES;
				CLANG_WARN_DIRECT_OBJC_ISA_USAGE = YES_ERROR;
				CLANG_WARN_DOCUMENTATION_COMMENTS = YES;
				CLANG_WARN_EMPTY_BODY = YES;
				CLANG_WARN_ENUM_CONVERSION = YES;
				CLANG_WARN_INFINITE_RECURSION = YES;
				CLANG_WARN_INT_CONVERSION = YES;
				CLANG_WARN_NON_LITERAL_NULL_CONVERSION = YES;
				CLANG_WARN_OBJC_IMPLICIT_RETAIN_SELF = YES;
				CLANG_WARN_OBJC_LITERAL_CONVERSION = YES;
				CLANG_WARN_OBJC_ROOT_CLASS = YES_ERROR;
				CLANG_WARN_QUOTED_INCLUDE_IN_FRAMEWORK_HEADER = YES;
				CLANG_WARN_RANGE_LOOP_ANALYSIS = YES;
				CLANG_WARN_STRICT_PROTOTYPES = YES;
				CLANG_WARN_SUSPICIOUS_MOVE = YES;
				CLANG_WARN_UNGUARDED_AVAILABILITY = YES_AGGRESSIVE;
				CLANG_WARN_UNREACHABLE_CODE = YES;
				CLANG_WARN__DUPLICATE_METHOD_MATCH = YES;
				CODE_SIGN_STYLE = Automatic;
				COPY_PHASE_STRIP = NO;
				CURRENT_PROJECT_VERSION = 1;
				DEBUG_INFORMATION_FORMAT = dwarf;
				ENABLE_STRICT_OBJC_MSGSEND = YES;
				ENABLE_TESTABILITY = YES;
				GCC_C_LANGUAGE_STANDARD = gnu11;
				GCC_DYNAMIC_NO_PIC = NO;
				GCC_NO_COMMON_BLOCKS = YES;
				GCC_OPTIMIZATION_LEVEL = 0;
				GCC_PREPROCESSOR_DEFINITIONS = (
					"$(inherited)",
					"DEBUG=1",
				);
				GCC_WARN_64_TO_32_BIT_CONVERSION = YES;
				GCC_WARN_ABOUT_RETURN_TYPE = YES_ERROR;
				GCC_WARN_UNDECLARED_SELECTOR = YES;
				GCC_WARN_UNINITIALIZED_AUTOS = YES_AGGRESSIVE;
				GCC_WARN_UNUSED_FUNCTION = YES;
				GCC_WARN_UNUSED_VARIABLE = YES;
				GENERATE_INFOPLIST_FILE = YES;
				MACOSX_DEPLOYMENT_TARGET = 13.0;
				MARKETING_VERSION = 1.0.0;
				MTL_ENABLE_DEBUG_INFO = INCLUDE_SOURCE;
				MTL_FAST_MATH = YES;
				ONLY_ACTIVE_ARCH = YES;
				PRODUCT_BUNDLE_IDENTIFIER = technology.fil.cachify;
				PRODUCT_NAME = Cachify;
				SDKROOT = macosx;
				SWIFT_ACTIVE_COMPILATION_CONDITIONS = DEBUG;
				SWIFT_OPTIMIZATION_LEVEL = "-Onone";
				SWIFT_VERSION = 6.0;
			};
			name = Debug;
		};
/* End XCBuildConfiguration section */

/* Begin XCConfigurationList section */
		5CE86B12DA1E1F580F97FC77 /* Build configuration list for PBXProject "CachifyApp" */ = {
			isa = XCConfigurationList;
			buildConfigurations = (
				E3A89101AEA27665207FC2DF /* Debug */,
				320D351027EC4684C7D3EF77 /* Release */,
			);
			defaultConfigurationIsVisible = 0;
			defaultConfigurationName = Debug;
		};
		A933C06C34B72092A150BB92 /* Build configuration list for PBXNativeTarget "CachifyApp" */ = {
			isa = XCConfigurationList;
			buildConfigurations = (
				C4F0227026F125B14E8830F7 /* Debug */,
				40468BE825185001C0D24B20 /* Release */,
			);
			defaultConfigurationIsVisible = 0;
			defaultConfigurationName = Debug;
		};
/* End XCConfigurationList section */
	};
	rootObject = 4F585CD44BF19907844BD977 /* Project object */;
}
